// !$*UTF8*$!
{
	archiveVersion = 1;
	classes = {
	};
	objectVersion = 50;
	objects = {

/* Begin PBXBuildFile section */
		14F24BD222210BBF0062B784 /* AppDelegate.swift in Sources */ = {isa = PBXBuildFile; fileRef = 14F24BD122210BBF0062B784 /* AppDelegate.swift */; };
		14F24BD422210BBF0062B784 /* MainViewController.swift in Sources */ = {isa = PBXBuildFile; fileRef = 14F24BD322210BBF0062B784 /* MainViewController.swift */; };
		14F24BD722210BBF0062B784 /* Main.storyboard in Resources */ = {isa = PBXBuildFile; fileRef = 14F24BD522210BBF0062B784 /* Main.storyboard */; };
		14F24BD922210BC30062B784 /* Assets.xcassets in Resources */ = {isa = PBXBuildFile; fileRef = 14F24BD822210BC30062B784 /* Assets.xcassets */; };
		14F24BDC22210BC30062B784 /* LaunchScreen.storyboard in Resources */ = {isa = PBXBuildFile; fileRef = 14F24BDA22210BC30062B784 /* LaunchScreen.storyboard */; };
		14F24BE722210BC30062B784 /* GitWoodTests.swift in Sources */ = {isa = PBXBuildFile; fileRef = 14F24BE622210BC30062B784 /* GitWoodTests.swift */; };
		14F24BF622210C5A0062B784 /* MainViewModel.swift in Sources */ = {isa = PBXBuildFile; fileRef = 14F24BF522210C5A0062B784 /* MainViewModel.swift */; };
		14F24BF822210C970062B784 /* MainModel.swift in Sources */ = {isa = PBXBuildFile; fileRef = 14F24BF722210C970062B784 /* MainModel.swift */; };
		B335A1160F26DD0DBE08D378 /* Pods_GitWood.framework in Frameworks */ = {isa = PBXBuildFile; fileRef = C55A38CD540E6043A68EC839 /* Pods_GitWood.framework */; };
		C31AF5C9CB8DFFA738FD8E8C /* Pods_GitWoodTests.framework in Frameworks */ = {isa = PBXBuildFile; fileRef = 576210D81A1C654B97E9E4EA /* Pods_GitWoodTests.framework */; };
/* End PBXBuildFile section */

/* Begin PBXContainerItemProxy section */
		14F24BE322210BC30062B784 /* PBXContainerItemProxy */ = {
			isa = PBXContainerItemProxy;
			containerPortal = 14F24BC622210BBF0062B784 /* Project object */;
			proxyType = 1;
			remoteGlobalIDString = 14F24BCD22210BBF0062B784;
			remoteInfo = GitWood;
		};
/* End PBXContainerItemProxy section */

/* Begin PBXFileReference section */
		14F24BCE22210BBF0062B784 /* GitWood.app */ = {isa = PBXFileReference; explicitFileType = wrapper.application; includeInIndex = 0; path = GitWood.app; sourceTree = BUILT_PRODUCTS_DIR; };
		14F24BD122210BBF0062B784 /* AppDelegate.swift */ = {isa = PBXFileReference; lastKnownFileType = sourcecode.swift; path = AppDelegate.swift; sourceTree = "<group>"; };
		14F24BD322210BBF0062B784 /* MainViewController.swift */ = {isa = PBXFileReference; lastKnownFileType = sourcecode.swift; path = MainViewController.swift; sourceTree = "<group>"; };
		14F24BD622210BBF0062B784 /* Base */ = {isa = PBXFileReference; lastKnownFileType = file.storyboard; name = Base; path = Base.lproj/Main.storyboard; sourceTree = "<group>"; };
		14F24BD822210BC30062B784 /* Assets.xcassets */ = {isa = PBXFileReference; lastKnownFileType = folder.assetcatalog; path = Assets.xcassets; sourceTree = "<group>"; };
		14F24BDB22210BC30062B784 /* Base */ = {isa = PBXFileReference; lastKnownFileType = file.storyboard; name = Base; path = Base.lproj/LaunchScreen.storyboard; sourceTree = "<group>"; };
		14F24BDD22210BC30062B784 /* Info.plist */ = {isa = PBXFileReference; lastKnownFileType = text.plist.xml; path = Info.plist; sourceTree = "<group>"; };
		14F24BE222210BC30062B784 /* GitWoodTests.xctest */ = {isa = PBXFileReference; explicitFileType = wrapper.cfbundle; includeInIndex = 0; path = GitWoodTests.xctest; sourceTree = BUILT_PRODUCTS_DIR; };
		14F24BE622210BC30062B784 /* GitWoodTests.swift */ = {isa = PBXFileReference; lastKnownFileType = sourcecode.swift; path = GitWoodTests.swift; sourceTree = "<group>"; };
		14F24BE822210BC30062B784 /* Info.plist */ = {isa = PBXFileReference; lastKnownFileType = text.plist.xml; path = Info.plist; sourceTree = "<group>"; };
		14F24BF522210C5A0062B784 /* MainViewModel.swift */ = {isa = PBXFileReference; lastKnownFileType = sourcecode.swift; path = MainViewModel.swift; sourceTree = "<group>"; };
		14F24BF722210C970062B784 /* MainModel.swift */ = {isa = PBXFileReference; lastKnownFileType = sourcecode.swift; path = MainModel.swift; sourceTree = "<group>"; };
		2EA893DA4E59F37FED2C2C1A /* Pods-GitWoodTests.debug.xcconfig */ = {isa = PBXFileReference; includeInIndex = 1; lastKnownFileType = text.xcconfig; name = "Pods-GitWoodTests.debug.xcconfig"; path = "Pods/Target Support Files/Pods-GitWoodTests/Pods-GitWoodTests.debug.xcconfig"; sourceTree = "<group>"; };
		576210D81A1C654B97E9E4EA /* Pods_GitWoodTests.framework */ = {isa = PBXFileReference; explicitFileType = wrapper.framework; includeInIndex = 0; path = Pods_GitWoodTests.framework; sourceTree = BUILT_PRODUCTS_DIR; };
		864331473439B6D4CA1C4887 /* Pods-GitWoodTests.release.xcconfig */ = {isa = PBXFileReference; includeInIndex = 1; lastKnownFileType = text.xcconfig; name = "Pods-GitWoodTests.release.xcconfig"; path = "Pods/Target Support Files/Pods-GitWoodTests/Pods-GitWoodTests.release.xcconfig"; sourceTree = "<group>"; };
		9D36FA6BFFBE3F50026C1448 /* Pods-GitWood.release.xcconfig */ = {isa = PBXFileReference; includeInIndex = 1; lastKnownFileType = text.xcconfig; name = "Pods-GitWood.release.xcconfig"; path = "Pods/Target Support Files/Pods-GitWood/Pods-GitWood.release.xcconfig"; sourceTree = "<group>"; };
		C55A38CD540E6043A68EC839 /* Pods_GitWood.framework */ = {isa = PBXFileReference; explicitFileType = wrapper.framework; includeInIndex = 0; path = Pods_GitWood.framework; sourceTree = BUILT_PRODUCTS_DIR; };
		D66B5500C97070623D4B0128 /* Pods-GitWood.debug.xcconfig */ = {isa = PBXFileReference; includeInIndex = 1; lastKnownFileType = text.xcconfig; name = "Pods-GitWood.debug.xcconfig"; path = "Pods/Target Support Files/Pods-GitWood/Pods-GitWood.debug.xcconfig"; sourceTree = "<group>"; };
/* End PBXFileReference section */

/* Begin PBXFrameworksBuildPhase section */
		14F24BCB22210BBF0062B784 /* Frameworks */ = {
			isa = PBXFrameworksBuildPhase;
			buildActionMask = 2147483647;
			files = (
				B335A1160F26DD0DBE08D378 /* Pods_GitWood.framework in Frameworks */,
			);
			runOnlyForDeploymentPostprocessing = 0;
		};
		14F24BDF22210BC30062B784 /* Frameworks */ = {
			isa = PBXFrameworksBuildPhase;
			buildActionMask = 2147483647;
			files = (
				C31AF5C9CB8DFFA738FD8E8C /* Pods_GitWoodTests.framework in Frameworks */,
			);
			runOnlyForDeploymentPostprocessing = 0;
		};
/* End PBXFrameworksBuildPhase section */

/* Begin PBXGroup section */
		14F24BC522210BBF0062B784 = {
			isa = PBXGroup;
			children = (
				14F24BD022210BBF0062B784 /* GitWood */,
				14F24BE522210BC30062B784 /* GitWoodTests */,
				14F24BCF22210BBF0062B784 /* Products */,
				AB009D5593C4FF1373E8C420 /* Pods */,
				5D786F9F14484A8CCD8AEB35 /* Frameworks */,
			);
			sourceTree = "<group>";
		};
		14F24BCF22210BBF0062B784 /* Products */ = {
			isa = PBXGroup;
			children = (
				14F24BCE22210BBF0062B784 /* GitWood.app */,
				14F24BE222210BC30062B784 /* GitWoodTests.xctest */,
			);
			name = Products;
			sourceTree = "<group>";
		};
		14F24BD022210BBF0062B784 /* GitWood */ = {
			isa = PBXGroup;
			children = (
				14F24BF422210C360062B784 /* ViewControllers */,
				14F24BF322210C2E0062B784 /* Model */,
				14F24BF222210C240062B784 /* ViewModel */,
				14F24BD122210BBF0062B784 /* AppDelegate.swift */,
				14F24BD522210BBF0062B784 /* Main.storyboard */,
				14F24BD822210BC30062B784 /* Assets.xcassets */,
				14F24BDA22210BC30062B784 /* LaunchScreen.storyboard */,
				14F24BDD22210BC30062B784 /* Info.plist */,
			);
			path = GitWood;
			sourceTree = "<group>";
		};
		14F24BE522210BC30062B784 /* GitWoodTests */ = {
			isa = PBXGroup;
			children = (
				14F24BE622210BC30062B784 /* GitWoodTests.swift */,
				14F24BE822210BC30062B784 /* Info.plist */,
			);
			path = GitWoodTests;
			sourceTree = "<group>";
		};
		14F24BF222210C240062B784 /* ViewModel */ = {
			isa = PBXGroup;
			children = (
				14F24BF522210C5A0062B784 /* MainViewModel.swift */,
			);
			path = ViewModel;
			sourceTree = "<group>";
		};
		14F24BF322210C2E0062B784 /* Model */ = {
			isa = PBXGroup;
			children = (
				14F24BF722210C970062B784 /* MainModel.swift */,
			);
			path = Model;
			sourceTree = "<group>";
		};
		14F24BF422210C360062B784 /* ViewControllers */ = {
			isa = PBXGroup;
			children = (
				14F24BD322210BBF0062B784 /* MainViewController.swift */,
			);
			path = ViewControllers;
			sourceTree = "<group>";
		};
		5D786F9F14484A8CCD8AEB35 /* Frameworks */ = {
			isa = PBXGroup;
			children = (
				C55A38CD540E6043A68EC839 /* Pods_GitWood.framework */,
				576210D81A1C654B97E9E4EA /* Pods_GitWoodTests.framework */,
			);
			name = Frameworks;
			sourceTree = "<group>";
		};
		AB009D5593C4FF1373E8C420 /* Pods */ = {
			isa = PBXGroup;
			children = (
				D66B5500C97070623D4B0128 /* Pods-GitWood.debug.xcconfig */,
				9D36FA6BFFBE3F50026C1448 /* Pods-GitWood.release.xcconfig */,
				2EA893DA4E59F37FED2C2C1A /* Pods-GitWoodTests.debug.xcconfig */,
				864331473439B6D4CA1C4887 /* Pods-GitWoodTests.release.xcconfig */,
			);
			name = Pods;
			sourceTree = "<group>";
		};
/* End PBXGroup section */

/* Begin PBXNativeTarget section */
		14F24BCD22210BBF0062B784 /* GitWood */ = {
			isa = PBXNativeTarget;
			buildConfigurationList = 14F24BEB22210BC30062B784 /* Build configuration list for PBXNativeTarget "GitWood" */;
			buildPhases = (
				96414C18CF6FB81AD01C3DCE /* [CP] Check Pods Manifest.lock */,
				14F24BCA22210BBF0062B784 /* Sources */,
				14F24BCB22210BBF0062B784 /* Frameworks */,
				14F24BCC22210BBF0062B784 /* Resources */,
				C4FD2DFFDAE91FC5AF035514 /* [CP] Embed Pods Frameworks */,
				0B00111C624B5A50D203649E /* [CP] Copy Pods Resources */,
			);
			buildRules = (
			);
			dependencies = (
			);
			name = GitWood;
			productName = GitWood;
			productReference = 14F24BCE22210BBF0062B784 /* GitWood.app */;
			productType = "com.apple.product-type.application";
		};
		14F24BE122210BC30062B784 /* GitWoodTests */ = {
			isa = PBXNativeTarget;
			buildConfigurationList = 14F24BEE22210BC30062B784 /* Build configuration list for PBXNativeTarget "GitWoodTests" */;
			buildPhases = (
				BAF2F065032B97B0ACFB4AC7 /* [CP] Check Pods Manifest.lock */,
				14F24BDE22210BC30062B784 /* Sources */,
				14F24BDF22210BC30062B784 /* Frameworks */,
				14F24BE022210BC30062B784 /* Resources */,
				6A476308751B2E80F740CB4F /* [CP] Embed Pods Frameworks */,
				D35CC5D72FFDD7B4109C5394 /* [CP] Copy Pods Resources */,
			);
			buildRules = (
			);
			dependencies = (
				14F24BE422210BC30062B784 /* PBXTargetDependency */,
			);
			name = GitWoodTests;
			productName = GitWoodTests;
			productReference = 14F24BE222210BC30062B784 /* GitWoodTests.xctest */;
			productType = "com.apple.product-type.bundle.unit-test";
		};
/* End PBXNativeTarget section */

/* Begin PBXProject section */
		14F24BC622210BBF0062B784 /* Project object */ = {
			isa = PBXProject;
			attributes = {
				LastSwiftUpdateCheck = 1010;
				LastUpgradeCheck = 1010;
				ORGANIZATIONNAME = "Nour Saffaf";
				TargetAttributes = {
					14F24BCD22210BBF0062B784 = {
						CreatedOnToolsVersion = 10.1;
					};
					14F24BE122210BC30062B784 = {
						CreatedOnToolsVersion = 10.1;
						TestTargetID = 14F24BCD22210BBF0062B784;
					};
				};
			};
			buildConfigurationList = 14F24BC922210BBF0062B784 /* Build configuration list for PBXProject "GitWood" */;
			compatibilityVersion = "Xcode 9.3";
			developmentRegion = en;
			hasScannedForEncodings = 0;
			knownRegions = (
				en,
				Base,
			);
			mainGroup = 14F24BC522210BBF0062B784;
			productRefGroup = 14F24BCF22210BBF0062B784 /* Products */;
			projectDirPath = "";
			projectRoot = "";
			targets = (
				14F24BCD22210BBF0062B784 /* GitWood */,
				14F24BE122210BC30062B784 /* GitWoodTests */,
			);
		};
/* End PBXProject section */

/* Begin PBXResourcesBuildPhase section */
		14F24BCC22210BBF0062B784 /* Resources */ = {
			isa = PBXResourcesBuildPhase;
			buildActionMask = 2147483647;
			files = (
				14F24BDC22210BC30062B784 /* LaunchScreen.storyboard in Resources */,
				14F24BD922210BC30062B784 /* Assets.xcassets in Resources */,
				14F24BD722210BBF0062B784 /* Main.storyboard in Resources */,
			);
			runOnlyForDeploymentPostprocessing = 0;
		};
		14F24BE022210BC30062B784 /* Resources */ = {
			isa = PBXResourcesBuildPhase;
			buildActionMask = 2147483647;
			files = (
			);
			runOnlyForDeploymentPostprocessing = 0;
		};
/* End PBXResourcesBuildPhase section */

/* Begin PBXShellScriptBuildPhase section */
		0B00111C624B5A50D203649E /* [CP] Copy Pods Resources */ = {
			isa = PBXShellScriptBuildPhase;
			buildActionMask = 2147483647;
			files = (
			);
			inputPaths = (
			);
			name = "[CP] Copy Pods Resources";
			outputPaths = (
			);
			runOnlyForDeploymentPostprocessing = 0;
			shellPath = /bin/sh;
			shellScript = "\"${SRCROOT}/Pods/Target Support Files/Pods-GitWood/Pods-GitWood-resources.sh\"\n";
			showEnvVarsInLog = 0;
		};
		6A476308751B2E80F740CB4F /* [CP] Embed Pods Frameworks */ = {
			isa = PBXShellScriptBuildPhase;
			buildActionMask = 2147483647;
			files = (
			);
			inputPaths = (
			);
			name = "[CP] Embed Pods Frameworks";
			outputPaths = (
			);
			runOnlyForDeploymentPostprocessing = 0;
			shellPath = /bin/sh;
			shellScript = "\"${SRCROOT}/Pods/Target Support Files/Pods-GitWoodTests/Pods-GitWoodTests-frameworks.sh\"\n";
			showEnvVarsInLog = 0;
		};
		96414C18CF6FB81AD01C3DCE /* [CP] Check Pods Manifest.lock */ = {
			isa = PBXShellScriptBuildPhase;
			buildActionMask = 2147483647;
			files = (
			);
			inputPaths = (
				"${PODS_PODFILE_DIR_PATH}/Podfile.lock",
				"${PODS_ROOT}/Manifest.lock",
			);
			name = "[CP] Check Pods Manifest.lock";
			outputPaths = (
				"$(DERIVED_FILE_DIR)/Pods-GitWood-checkManifestLockResult.txt",
			);
			runOnlyForDeploymentPostprocessing = 0;
			shellPath = /bin/sh;
			shellScript = "diff \"${PODS_PODFILE_DIR_PATH}/Podfile.lock\" \"${PODS_ROOT}/Manifest.lock\" > /dev/null\nif [ $? != 0 ] ; then\n    # print error to STDERR\n    echo \"error: The sandbox is not in sync with the Podfile.lock. Run 'pod install' or update your CocoaPods installation.\" >&2\n    exit 1\nfi\n# This output is used by Xcode 'outputs' to avoid re-running this script phase.\necho \"SUCCESS\" > \"${SCRIPT_OUTPUT_FILE_0}\"\n";
			showEnvVarsInLog = 0;
		};
		BAF2F065032B97B0ACFB4AC7 /* [CP] Check Pods Manifest.lock */ = {
			isa = PBXShellScriptBuildPhase;
			buildActionMask = 2147483647;
			files = (
			);
			inputPaths = (
				"${PODS_PODFILE_DIR_PATH}/Podfile.lock",
				"${PODS_ROOT}/Manifest.lock",
			);
			name = "[CP] Check Pods Manifest.lock";
			outputPaths = (
				"$(DERIVED_FILE_DIR)/Pods-GitWoodTests-checkManifestLockResult.txt",
			);
			runOnlyForDeploymentPostprocessing = 0;
			shellPath = /bin/sh;
			shellScript = "diff \"${PODS_PODFILE_DIR_PATH}/Podfile.lock\" \"${PODS_ROOT}/Manifest.lock\" > /dev/null\nif [ $? != 0 ] ; then\n    # print error to STDERR\n    echo \"error: The sandbox is not in sync with the Podfile.lock. Run 'pod install' or update your CocoaPods installation.\" >&2\n    exit 1\nfi\n# This output is used by Xcode 'outputs' to avoid re-running this script phase.\necho \"SUCCESS\" > \"${SCRIPT_OUTPUT_FILE_0}\"\n";
			showEnvVarsInLog = 0;
		};
		C4FD2DFFDAE91FC5AF035514 /* [CP] Embed Pods Frameworks */ = {
			isa = PBXShellScriptBuildPhase;
			buildActionMask = 2147483647;
			files = (
			);
			inputPaths = (
				"${SRCROOT}/Pods/Target Support Files/Pods-GitWood/Pods-GitWood-frameworks.sh",
				"${BUILT_PRODUCTS_DIR}/Kingfisher/Kingfisher.framework",
				"${BUILT_PRODUCTS_DIR}/Realm/Realm.framework",
				"${BUILT_PRODUCTS_DIR}/RealmSwift/RealmSwift.framework",
				"${BUILT_PRODUCTS_DIR}/RxCocoa/RxCocoa.framework",
				"${BUILT_PRODUCTS_DIR}/RxSwift/RxSwift.framework",
				"${BUILT_PRODUCTS_DIR}/StanwoodCore/StanwoodCore.framework",
			);
			name = "[CP] Embed Pods Frameworks";
			outputPaths = (
				"${TARGET_BUILD_DIR}/${FRAMEWORKS_FOLDER_PATH}/Kingfisher.framework",
				"${TARGET_BUILD_DIR}/${FRAMEWORKS_FOLDER_PATH}/Realm.framework",
				"${TARGET_BUILD_DIR}/${FRAMEWORKS_FOLDER_PATH}/RealmSwift.framework",
				"${TARGET_BUILD_DIR}/${FRAMEWORKS_FOLDER_PATH}/RxCocoa.framework",
				"${TARGET_BUILD_DIR}/${FRAMEWORKS_FOLDER_PATH}/RxSwift.framework",
				"${TARGET_BUILD_DIR}/${FRAMEWORKS_FOLDER_PATH}/StanwoodCore.framework",
			);
			runOnlyForDeploymentPostprocessing = 0;
			shellPath = /bin/sh;
			shellScript = "\"${SRCROOT}/Pods/Target Support Files/Pods-GitWood/Pods-GitWood-frameworks.sh\"\n";
			showEnvVarsInLog = 0;
		};
		D35CC5D72FFDD7B4109C5394 /* [CP] Copy Pods Resources */ = {
			isa = PBXShellScriptBuildPhase;
			buildActionMask = 2147483647;
			files = (
			);
			inputPaths = (
			);
			name = "[CP] Copy Pods Resources";
			outputPaths = (
			);
			runOnlyForDeploymentPostprocessing = 0;
			shellPath = /bin/sh;
			shellScript = "\"${SRCROOT}/Pods/Target Support Files/Pods-GitWoodTests/Pods-GitWoodTests-resources.sh\"\n";
			showEnvVarsInLog = 0;
		};
/* End PBXShellScriptBuildPhase section */

/* Begin PBXSourcesBuildPhase section */
		14F24BCA22210BBF0062B784 /* Sources */ = {
			isa = PBXSourcesBuildPhase;
			buildActionMask = 2147483647;
			files = (
				14F24BF822210C970062B784 /* MainModel.swift in Sources */,
				14F24BD422210BBF0062B784 /* MainViewController.swift in Sources */,
				14F24BD222210BBF0062B784 /* AppDelegate.swift in Sources */,
				14F24BF622210C5A0062B784 /* MainViewModel.swift in Sources */,
			);
			runOnlyForDeploymentPostprocessing = 0;
		};
		14F24BDE22210BC30062B784 /* Sources */ = {
			isa = PBXSourcesBuildPhase;
			buildActionMask = 2147483647;
			files = (
				14F24BE722210BC30062B784 /* GitWoodTests.swift in Sources */,
			);
			runOnlyForDeploymentPostprocessing = 0;
		};
/* End PBXSourcesBuildPhase section */

/* Begin PBXTargetDependency section */
		14F24BE422210BC30062B784 /* PBXTargetDependency */ = {
			isa = PBXTargetDependency;
			target = 14F24BCD22210BBF0062B784 /* GitWood */;
			targetProxy = 14F24BE322210BC30062B784 /* PBXContainerItemProxy */;
		};
/* End PBXTargetDependency section */

/* Begin PBXVariantGroup section */
		14F24BD522210BBF0062B784 /* Main.storyboard */ = {
			isa = PBXVariantGroup;
			children = (
				14F24BD622210BBF0062B784 /* Base */,
			);
			name = Main.storyboard;
			sourceTree = "<group>";
		};
		14F24BDA22210BC30062B784 /* LaunchScreen.storyboard */ = {
			isa = PBXVariantGroup;
			children = (
				14F24BDB22210BC30062B784 /* Base */,
			);
			name = LaunchScreen.storyboard;
			sourceTree = "<group>";
		};
/* End PBXVariantGroup section */

/* Begin XCBuildConfiguration section */
		14F24BE922210BC30062B784 /* Debug */ = {
			isa = XCBuildConfiguration;
			buildSettings = {
				ALWAYS_SEARCH_USER_PATHS = NO;
				CLANG_ANALYZER_NONNULL = YES;
				CLANG_ANALYZER_NUMBER_OBJECT_CONVERSION = YES_AGGRESSIVE;
				CLANG_CXX_LANGUAGE_STANDARD = "gnu++14";
				CLANG_CXX_LIBRARY = "libc++";
				CLANG_ENABLE_MODULES = YES;
				CLANG_ENABLE_OBJC_ARC = YES;
				CLANG_ENABLE_OBJC_WEAK = YES;
				CLANG_WARN_BLOCK_CAPTURE_AUTORELEASING = YES;
				CLANG_WARN_BOOL_CONVERSION = YES;
				CLANG_WARN_COMMA = YES;
				CLANG_WARN_CONSTANT_CONVERSION = YES;
				CLANG_WARN_DEPRECATED_OBJC_IMPLEMENTATIONS = YES;
				CLANG_WARN_DIRECT_OBJC_ISA_USAGE = YES_ERROR;
				CLANG_WARN_DOCUMENTATION_COMMENTS = YES;
				CLANG_WARN_EMPTY_BODY = YES;
				CLANG_WARN_ENUM_CONVERSION = YES;
				CLANG_WARN_INFINITE_RECURSION = YES;
				CLANG_WARN_INT_CONVERSION = YES;
				CLANG_WARN_NON_LITERAL_NULL_CONVERSION = YES;
				CLANG_WARN_OBJC_IMPLICIT_RETAIN_SELF = YES;
				CLANG_WARN_OBJC_LITERAL_CONVERSION = YES;
				CLANG_WARN_OBJC_ROOT_CLASS = YES_ERROR;
				CLANG_WARN_RANGE_LOOP_ANALYSIS = YES;
				CLANG_WARN_STRICT_PROTOTYPES = YES;
				CLANG_WARN_SUSPICIOUS_MOVE = YES;
				CLANG_WARN_UNGUARDED_AVAILABILITY = YES_AGGRESSIVE;
				CLANG_WARN_UNREACHABLE_CODE = YES;
				CLANG_WARN__DUPLICATE_METHOD_MATCH = YES;
				CODE_SIGN_IDENTITY = "iPhone Developer";
				COPY_PHASE_STRIP = NO;
				DEBUG_INFORMATION_FORMAT = dwarf;
				ENABLE_STRICT_OBJC_MSGSEND = YES;
				ENABLE_TESTABILITY = YES;
				GCC_C_LANGUAGE_STANDARD = gnu11;
				GCC_DYNAMIC_NO_PIC = NO;
				GCC_NO_COMMON_BLOCKS = YES;
				GCC_OPTIMIZATION_LEVEL = 0;
				GCC_PREPROCESSOR_DEFINITIONS = (
					"DEBUG=1",
					"$(inherited)",
				);
				GCC_WARN_64_TO_32_BIT_CONVERSION = YES;
				GCC_WARN_ABOUT_RETURN_TYPE = YES_ERROR;
				GCC_WARN_UNDECLARED_SELECTOR = YES;
				GCC_WARN_UNINITIALIZED_AUTOS = YES_AGGRESSIVE;
				GCC_WARN_UNUSED_FUNCTION = YES;
				GCC_WARN_UNUSED_VARIABLE = YES;
				IPHONEOS_DEPLOYMENT_TARGET = 12.1;
				MTL_ENABLE_DEBUG_INFO = INCLUDE_SOURCE;
				MTL_FAST_MATH = YES;
				ONLY_ACTIVE_ARCH = YES;
				SDKROOT = iphoneos;
				SWIFT_ACTIVE_COMPILATION_CONDITIONS = DEBUG;
				SWIFT_OPTIMIZATION_LEVEL = "-Onone";
			};
			name = Debug;
		};
		14F24BEA22210BC30062B784 /* Release */ = {
			isa = XCBuildConfiguration;
			buildSettings = {
				ALWAYS_SEARCH_USER_PATHS = NO;
				CLANG_ANALYZER_NONNULL = YES;
				CLANG_ANALYZER_NUMBER_OBJECT_CONVERSION = YES_AGGRESSIVE;
				CLANG_CXX_LANGUAGE_STANDARD = "gnu++14";
				CLANG_CXX_LIBRARY = "libc++";
				CLANG_ENABLE_MODULES = YES;
				CLANG_ENABLE_OBJC_ARC = YES;
				CLANG_ENABLE_OBJC_WEAK = YES;
				CLANG_WARN_BLOCK_CAPTURE_AUTORELEASING = YES;
				CLANG_WARN_BOOL_CONVERSION = YES;
				CLANG_WARN_COMMA = YES;
				CLANG_WARN_CONSTANT_CONVERSION = YES;
				CLANG_WARN_DEPRECATED_OBJC_IMPLEMENTATIONS = YES;
				CLANG_WARN_DIRECT_OBJC_ISA_USAGE = YES_ERROR;
				CLANG_WARN_DOCUMENTATION_COMMENTS = YES;
				CLANG_WARN_EMPTY_BODY = YES;
				CLANG_WARN_ENUM_CONVERSION = YES;
				CLANG_WARN_INFINITE_RECURSION = YES;
				CLANG_WARN_INT_CONVERSION = YES;
				CLANG_WARN_NON_LITERAL_NULL_CONVERSION = YES;
				CLANG_WARN_OBJC_IMPLICIT_RETAIN_SELF = YES;
				CLANG_WARN_OBJC_LITERAL_CONVERSION = YES;
				CLANG_WARN_OBJC_ROOT_CLASS = YES_ERROR;
				CLANG_WARN_RANGE_LOOP_ANALYSIS = YES;
				CLANG_WARN_STRICT_PROTOTYPES = YES;
				CLANG_WARN_SUSPICIOUS_MOVE = YES;
				CLANG_WARN_UNGUARDED_AVAILABILITY = YES_AGGRESSIVE;
				CLANG_WARN_UNREACHABLE_CODE = YES;
				CLANG_WARN__DUPLICATE_METHOD_MATCH = YES;
				CODE_SIGN_IDENTITY = "iPhone Developer";
				COPY_PHASE_STRIP = NO;
				DEBUG_INFORMATION_FORMAT = "dwarf-with-dsym";
				ENABLE_NS_ASSERTIONS = NO;
				ENABLE_STRICT_OBJC_MSGSEND = YES;
				GCC_C_LANGUAGE_STANDARD = gnu11;
				GCC_NO_COMMON_BLOCKS = YES;
				GCC_WARN_64_TO_32_BIT_CONVERSION = YES;
				GCC_WARN_ABOUT_RETURN_TYPE = YES_ERROR;
				GCC_WARN_UNDECLARED_SELECTOR = YES;
				GCC_WARN_UNINITIALIZED_AUTOS = YES_AGGRESSIVE;
				GCC_WARN_UNUSED_FUNCTION = YES;
				GCC_WARN_UNUSED_VARIABLE = YES;
				IPHONEOS_DEPLOYMENT_TARGET = 12.1;
				MTL_ENABLE_DEBUG_INFO = NO;
				MTL_FAST_MATH = YES;
				SDKROOT = iphoneos;
				SWIFT_COMPILATION_MODE = wholemodule;
				SWIFT_OPTIMIZATION_LEVEL = "-O";
				VALIDATE_PRODUCT = YES;
			};
			name = Release;
		};
		14F24BEC22210BC30062B784 /* Debug */ = {
			isa = XCBuildConfiguration;
			baseConfigurationReference = D66B5500C97070623D4B0128 /* Pods-GitWood.debug.xcconfig */;
			buildSettings = {
				ASSETCATALOG_COMPILER_APPICON_NAME = AppIcon;
				CODE_SIGN_STYLE = Automatic;
				DEVELOPMENT_TEAM = 933J8KG6Y8;
				INFOPLIST_FILE = GitWood/Info.plist;
				LD_RUNPATH_SEARCH_PATHS = (
					"$(inherited)",
					"@executable_path/Frameworks",
				);
				PRODUCT_BUNDLE_IDENTIFIER = me.noro.GitWood;
				PRODUCT_NAME = "$(TARGET_NAME)";
				SWIFT_VERSION = 4.2;
				TARGETED_DEVICE_FAMILY = "1,2";
			};
			name = Debug;
		};
		14F24BED22210BC30062B784 /* Release */ = {
			isa = XCBuildConfiguration;
			baseConfigurationReference = 9D36FA6BFFBE3F50026C1448 /* Pods-GitWood.release.xcconfig */;
			buildSettings = {
				ASSETCATALOG_COMPILER_APPICON_NAME = AppIcon;
				CODE_SIGN_STYLE = Automatic;
				DEVELOPMENT_TEAM = 933J8KG6Y8;
				INFOPLIST_FILE = GitWood/Info.plist;
				LD_RUNPATH_SEARCH_PATHS = (
					"$(inherited)",
					"@executable_path/Frameworks",
				);
				PRODUCT_BUNDLE_IDENTIFIER = me.noro.GitWood;
				PRODUCT_NAME = "$(TARGET_NAME)";
				SWIFT_VERSION = 4.2;
				TARGETED_DEVICE_FAMILY = "1,2";
			};
			name = Release;
		};
		14F24BEF22210BC30062B784 /* Debug */ = {
			isa = XCBuildConfiguration;
			baseConfigurationReference = 2EA893DA4E59F37FED2C2C1A /* Pods-GitWoodTests.debug.xcconfig */;
			buildSettings = {
				ALWAYS_EMBED_SWIFT_STANDARD_LIBRARIES = YES;
				BUNDLE_LOADER = "$(TEST_HOST)";
				CODE_SIGN_STYLE = Automatic;
				DEVELOPMENT_TEAM = 933J8KG6Y8;
				INFOPLIST_FILE = GitWoodTests/Info.plist;
				LD_RUNPATH_SEARCH_PATHS = (
					"$(inherited)",
					"@executable_path/Frameworks",
					"@loader_path/Frameworks",
				);
				PRODUCT_BUNDLE_IDENTIFIER = me.noro.GitWoodTests;
				PRODUCT_NAME = "$(TARGET_NAME)";
				SWIFT_VERSION = 4.2;
				TARGETED_DEVICE_FAMILY = "1,2";
				TEST_HOST = "$(BUILT_PRODUCTS_DIR)/GitWood.app/GitWood";
			};
			name = Debug;
		};
		14F24BF022210BC30062B784 /* Release */ = {
			isa = XCBuildConfiguration;
			baseConfigurationReference = 864331473439B6D4CA1C4887 /* Pods-GitWoodTests.release.xcconfig */;
			buildSettings = {
				ALWAYS_EMBED_SWIFT_STANDARD_LIBRARIES = YES;
				BUNDLE_LOADER = "$(TEST_HOST)";
				CODE_SIGN_STYLE = Automatic;
				DEVELOPMENT_TEAM = 933J8KG6Y8;
				INFOPLIST_FILE = GitWoodTests/Info.plist;
				LD_RUNPATH_SEARCH_PATHS = (
					"$(inherited)",
					"@executable_path/Frameworks",
					"@loader_path/Frameworks",
				);
				PRODUCT_BUNDLE_IDENTIFIER = me.noro.GitWoodTests;
				PRODUCT_NAME = "$(TARGET_NAME)";
				SWIFT_VERSION = 4.2;
				TARGETED_DEVICE_FAMILY = "1,2";
				TEST_HOST = "$(BUILT_PRODUCTS_DIR)/GitWood.app/GitWood";
			};
			name = Release;
		};
/* End XCBuildConfiguration section */

/* Begin XCConfigurationList section */
		14F24BC922210BBF0062B784 /* Build configuration list for PBXProject "GitWood" */ = {
			isa = XCConfigurationList;
			buildConfigurations = (
				14F24BE922210BC30062B784 /* Debug */,
				14F24BEA22210BC30062B784 /* Release */,
			);
			defaultConfigurationIsVisible = 0;
			defaultConfigurationName = Release;
		};
		14F24BEB22210BC30062B784 /* Build configuration list for PBXNativeTarget "GitWood" */ = {
			isa = XCConfigurationList;
			buildConfigurations = (
				14F24BEC22210BC30062B784 /* Debug */,
				14F24BED22210BC30062B784 /* Release */,
			);
			defaultConfigurationIsVisible = 0;
			defaultConfigurationName = Release;
		};
		14F24BEE22210BC30062B784 /* Build configuration list for PBXNativeTarget "GitWoodTests" */ = {
			isa = XCConfigurationList;
			buildConfigurations = (
				14F24BEF22210BC30062B784 /* Debug */,
				14F24BF022210BC30062B784 /* Release */,
			);
			defaultConfigurationIsVisible = 0;
			defaultConfigurationName = Release;
		};
/* End XCConfigurationList section */
	};
	rootObject = 14F24BC622210BBF0062B784 /* Project object */;
}
